$fyn:
 layout: normal
 flattenTop: true
$pkg:
 dep:
  '@xarc/run': ^2.3.0
  fyn: ^2.1.0
  fynpo: ^2.1.0
'@babel/code-frame':
 _latest: 7.27.1
 _:
  ^7.0.0: 7.27.1
 7.27.1:
  $: sha512-cjQ7ZlQ0Mv3b47hABuTevyTuYN4i+loJKGeV9flcCgIK37cCXRh+L1bd3iBHlynerhQ7BhCkn2BPbQUL+rGqFg==
  _: 'https://registry.npmjs.org/@babel/code-frame/-/code-frame-7.27.1.tgz'
  dependencies:
   '@babel/helper-validator-identifier': ^7.27.1
   js-tokens: ^4.0.0
   picocolors: ^1.1.1
'@babel/helper-validator-identifier':
 _latest: 7.28.5
 _:
  ^7.27.1: 7.28.5
 7.28.5:
  $: sha512-qSs4ifwzKJSV39ucNjsvc6WVHs6b7S03sOh2OcHF9UHfVPqWWALUsNUVzhSBiItjRZoLHx7nIarVjqKVusUZ1Q==
  _: 'https://registry.npmjs.org/@babel/helper-validator-identifier/-/helper-validator-identifier-7.28.5.tgz'
'@isaacs/cliui':
 _latest: 8.0.2
 _:
  ^8.0.2: 8.0.2
 8.0.2:
  $: sha512-O8jcjabXaleOG9DQ0+ARXWZBTfnP4WNAqzuiJK7ll44AmxGKv/J2M4TPjxjY3znBCfvBXFzucm1twdyFybFqEA==
  _: 'https://registry.npmjs.org/@isaacs/cliui/-/cliui-8.0.2.tgz'
  dependencies:
   string-width: ^5.1.2
   string-width-cjs: 'npm:string-width@^4.2.0'
   strip-ansi: ^7.0.1
   strip-ansi-cjs: 'npm:strip-ansi@^6.0.1'
   wrap-ansi: ^8.1.0
   wrap-ansi-cjs: 'npm:wrap-ansi@^7.0.0'
'@pkgjs/parseargs':
 _latest: 0.11.0
 _:
  ^0.11.0: 0.11.0
 0.11.0:
  $: sha512-+1VkjdD0QBLPodGrJUeqarH8VAIvQODIbwh9XpP5Syisf7YoQgsJKPNFoqqLQlu+VQ/tVSshMR6loPMn8U+dPg==
  _: 'https://registry.npmjs.org/@pkgjs/parseargs/-/parseargs-0.11.0.tgz'
'@types/normalize-package-data':
 _latest: 2.4.4
 _:
  ^2.4.0: 2.4.4
 2.4.4:
  $: sha512-37i+OaWTh9qeK4LSHPsyRC7NahnGotNuZvjLSgcPzblpHB3rrCJxAOgI5gCdKm7coonsaX1Of0ILiTcnZjbfxA==
  _: 'https://registry.npmjs.org/@types/normalize-package-data/-/normalize-package-data-2.4.4.tgz'
'@xarc/run':
 _latest: 2.3.0
 _:
  ^2.3.0: 2.3.0
 2.3.0:
  top: 1
  $: sha512-PLR1Z/3oCiTqWQhhEXNGCtSt+XgnaT68DgDtGGZwrTkkkg7m9tyn8ZVYl1/w8RLx7IaVvjAjLzhYAlmH8sNSKg==
  _: 'https://registry.npmjs.org/@xarc/run/-/run-2.3.0.tgz'
  dependencies:
   chalk: ^4.1.2
   chalker: ^1.2.0
   insync: ^2.1.1
   jaro-winkler: ^0.2.8
   lodash.foreach: ^4.5.0
   nix-clap: ^2.4.0
   optional-require: ^2.1.0
   path-is-inside: ^1.0.2
   read-pkg-up: ^7.0.1
   require-at: ^1.0.6
   string-array: ^1.0.1
   unwrap-npm-cmd: ^1.1.2
   xsh: ^0.4.5
ansi-regex:
 _latest: 6.2.2
 _:
  ^5.0.1: 5.0.1
  ^6.0.1: 6.2.2
 6.2.2:
  $: sha512-Bq3SmSpyFHaWjPk8If9yc6svM8c56dB5BAtW4Qbw5jHTwwXXcTLoRMkpDJp6VL0XzlWaCHTXrkFURMYmD0sLqg==
  _: 'https://registry.npmjs.org/ansi-regex/-/ansi-regex-6.2.2.tgz'
 5.0.1:
  $: sha512-quJQXlTSUGL2LH9SUXo8VwsY4soanhgo6LNSm84E1LBcE8s3O0wpdiRzyR9z/ZZJMlMWv37qOOb9pdJlMUEKFQ==
  _: 'https://registry.npmjs.org/ansi-regex/-/ansi-regex-5.0.1.tgz'
ansi-styles:
 _latest: 6.2.3
 _:
  '^4.0.0,^4.1.0': 4.3.0
  ^6.1.0: 6.2.3
 6.2.3:
  $: sha512-4Dj6M28JB+oAH8kFkTLUo+a2jwOFkuqb3yucU0CANcRRUbxS0cP0nZYCGjcc3BNXwRIsUVmDGgzawme7zvJHvg==
  _: 'https://registry.npmjs.org/ansi-styles/-/ansi-styles-6.2.3.tgz'
 4.3.0:
  $: sha512-zbB9rCJAT1rbjiVDb2hqKFHNYLxgtk8NURxZ3IZwD3F6NtxbXZQCnnSi1Lkx+IDohdPlFp222wVALIheZJQSEg==
  _: 'https://registry.npmjs.org/ansi-styles/-/ansi-styles-4.3.0.tgz'
  dependencies:
   color-convert: ^2.0.1
balanced-match:
 _latest: 3.0.1
 _:
  ^1.0.0: 1.0.2
 1.0.2:
  $: sha512-3oSeUO0TMV67hN1AmbXsK4yaqU7tjiHlbxRDZOpH0KW9+CeX4bRAaX0Anxt0tx2MrpRpWwQaPwIlISEJhYU5Pw==
  _: 'https://registry.npmjs.org/balanced-match/-/balanced-match-1.0.2.tgz'
brace-expansion:
 _latest: 4.0.1
 _:
  ^2.0.1: 2.0.2
 2.0.2:
  $: sha512-Jt0vHyM+jmUBqojB7E1NIYadt0vI0Qxjxd2TErW94wDz+E2LAm5vKMXXwg6ZZBTHPuUlDgQHKXvjGBdfcF1ZDQ==
  _: 'https://registry.npmjs.org/brace-expansion/-/brace-expansion-2.0.2.tgz'
  dependencies:
   balanced-match: ^1.0.0
callsites:
 _latest: 4.2.0
 _:
  ^3.0.0: 3.1.0
 3.1.0:
  $: sha512-P8BjAsXvZS+VIDUI11hHCQEv74YT67YUi5JJFNWIqL235sBmjX4+qx9Muvls5ivyNENctx46xQLQ3aTuE7ssaQ==
  _: 'https://registry.npmjs.org/callsites/-/callsites-3.1.0.tgz'
chalk:
 _latest: 5.6.2
 _:
  '^4.0.0,^4.1.2': 4.1.2
 4.1.2:
  $: sha512-oKnbhFyRIXpUuez8iBMmyEa4nbj4IOQyuhc/wy9kY7/WVPcwIO9VA668Pu8RkO7+0G76SLROeyw9CpQ061i4mA==
  _: 'https://registry.npmjs.org/chalk/-/chalk-4.1.2.tgz'
  dependencies:
   ansi-styles: ^4.1.0
   supports-color: ^7.1.0
chalker:
 _latest: 1.2.0
 _:
  ^1.2.0: 1.2.0
 1.2.0:
  $: sha512-Cag6asQV/lK6AQGBWGGDt5bu+FSzo4OlLHQVrd4Io1cJCGNXIvKcaxx6JH0+iL1azQ4Bs1i7qkvzlkH2Vwo2OQ==
  _: 'https://registry.npmjs.org/chalker/-/chalker-1.2.0.tgz'
  dependencies:
   chalk: ^4.0.0
color-convert:
 _latest: 3.1.2
 _:
  ^2.0.1: 2.0.1
 2.0.1:
  $: sha512-RRECPsj7iu/xb5oKYcsFHSppFNnsj/52OVTRKb4zP5onXwVF3zVmmToNcOfGC+CRDpfK/U584fMg38ZHCaElKQ==
  _: 'https://registry.npmjs.org/color-convert/-/color-convert-2.0.1.tgz'
  dependencies:
   color-name: ~1.1.4
color-name:
 _latest: 2.0.2
 _:
  ~1.1.4: 1.1.4
 1.1.4:
  $: sha512-dOy+3AuW3a2wNbZHIuMZpTcgjGuLU/uBL/ubcZF9OXbDo8ff4O8yVp5Bf0efS8uEoYo5q4Fx7dY9OgQGXgAsQA==
  _: 'https://registry.npmjs.org/color-name/-/color-name-1.1.4.tgz'
cross-spawn:
 _latest: 7.0.6
 _:
  ^7.0.6: 7.0.6
 7.0.6:
  $: sha512-uV2QOWP2nWzsy2aMp8aRibhi9dlzF5Hgh5SHaB9OiTGEyDTiJJyx0uy51QXdyWbtAHNua4XJzUKca3OzKUd3vA==
  _: 'https://registry.npmjs.org/cross-spawn/-/cross-spawn-7.0.6.tgz'
  dependencies:
   path-key: ^3.1.0
   shebang-command: ^2.0.0
   which: ^2.0.1
eastasianwidth:
 _latest: 0.3.0
 _:
  ^0.2.0: 0.2.0
 0.2.0:
  $: sha512-I88TYZWc9XiYHRQ4/3c5rjjfgkjhLyW2luGIheGERbNQ6OY7yTybanSpDXZa8y7VUP9YmDcYa+eyq4ca7iLqWA==
  _: 'https://registry.npmjs.org/eastasianwidth/-/eastasianwidth-0.2.0.tgz'
emoji-regex:
 _latest: 10.6.0
 _:
  ^8.0.0: 8.0.0
  ^9.2.2: 9.2.2
 9.2.2:
  $: sha512-L18DaJsXSUk2+42pv8mLs5jJT2hqFkFE4j21wOmgbUqsZ2hL72NsUU785g9RXgo3s0ZNgVl42TiHp3ZtOv/Vyg==
  _: 'https://registry.npmjs.org/emoji-regex/-/emoji-regex-9.2.2.tgz'
 8.0.0:
  $: sha512-MSjYzcWNOA0ewAHpz0MxpYFvwg6yjy1NG3xteoqz644VCo/RPgnr1/GGt+ic3iJTzQ8Eu3TdM14SawnVUmGE6A==
  _: 'https://registry.npmjs.org/emoji-regex/-/emoji-regex-8.0.0.tgz'
error-ex:
 _latest: 1.3.4
 _:
  ^1.3.1: 1.3.4
 1.3.4:
  $: sha512-sqQamAnR14VgCr1A618A3sGrygcpK+HEbenA/HiEAkkUwcZIIB/tgWqHFxWgOyDh4nB4JCRimh79dR5Ywc9MDQ==
  _: 'https://registry.npmjs.org/error-ex/-/error-ex-1.3.4.tgz'
  dependencies:
   is-arrayish: ^0.2.1
find-up:
 _latest: 8.0.0
 _:
  ^4.1.0: 4.1.0
 4.1.0:
  $: sha512-PpOwAdQ/YlXQ2vj8a3h8IipDuYRi3wceVQQGYWxNINccq40Anw7BlsEXCMbt1Zt+OLA6Fq9suIpIWD0OsnISlw==
  _: 'https://registry.npmjs.org/find-up/-/find-up-4.1.0.tgz'
  dependencies:
   locate-path: ^5.0.0
   path-exists: ^4.0.0
foreground-child:
 _latest: 3.3.1
 _:
  ^3.1.0: 3.3.1
 3.3.1:
  $: sha512-gIXjKqtFuWEgzFRJA9WCQeSJLZDjgJUOMCMzxtvFq/37KojM1BFGufqsCy0r4qSQmYLsZYMeyRqzIWOMup03sw==
  _: 'https://registry.npmjs.org/foreground-child/-/foreground-child-3.3.1.tgz'
  dependencies:
   cross-spawn: ^7.0.6
   signal-exit: ^4.0.1
function-bind:
 _latest: 1.1.2
 _:
  ^1.1.2: 1.1.2
 1.1.2:
  $: sha512-7XHNxH7qX9xG5mIwxkhumTox/MIRNcOgDrxWsMt2pAr23WHp6MrRlN7FBSFpCpr+oVO0F744iUgR82nJMfG2SA==
  _: 'https://registry.npmjs.org/function-bind/-/function-bind-1.1.2.tgz'
fyn:
 _latest: 1.1.46
 _:
  ^2.1.0: 2.1.0
 2.1.0:
  top: 1
  $: sha512-mqER9nr71TGWuLkq33VR1y1xe02ceY6cBT27FB87GZaSOjgr6KDvvIBMLCrffBHA1zRT30sHGutH2aJ3GOV8Lg==
  _: 'https://registry.npmjs.org/fyn/-/fyn-2.1.0.tgz'
fynpo:
 _latest: 1.1.49
 _:
  ^2.1.0: 2.1.0
 2.1.0:
  top: 1
  $: sha512-nSnVFzOcYHcJZTzxYj/1uQFJFJvuGdVlbHQVi+fQMjJRE6SKqe7GgrCj9/pTs4R2kcFtg0HzzOtQnU2SrMxoRQ==
  _: 'https://registry.npmjs.org/fynpo/-/fynpo-2.1.0.tgz'
  dependencies:
   fyn: ^2.1.0
   import-fresh: 3.3.0
   resolve-global: 1.0.0
   prettier: 2.4.1
glob:
 _latest: 11.0.3
 _:
  ^10.4.2: 10.4.5
 10.4.5:
  $: sha512-7Bv8RF0k6xjo7d4A/PxYLbUCfb6c+Vpd2/mB2yRDlew7Jb5hEXiCD9ibfO7wpk8i4sevK6DFny9h7EYbM3/sHg==
  _: 'https://registry.npmjs.org/glob/-/glob-10.4.5.tgz'
  dependencies:
   foreground-child: ^3.1.0
   jackspeak: ^3.1.2
   minimatch: ^9.0.4
   minipass: ^7.1.2
   package-json-from-dist: ^1.0.0
   path-scurry: ^1.11.1
global-dirs:
 _latest: 4.0.0
 _:
  ^0.1.1: 0.1.1
 0.1.1:
  $: sha512-NknMLn7F2J7aflwFOlGdNIuCDpN3VGoSoB+aap3KABFWbHVn1TCgFC+np23J8W2BiZbjfEw3BFBycSMv1AFblg==
  _: 'https://registry.npmjs.org/global-dirs/-/global-dirs-0.1.1.tgz'
  dependencies:
   ini: ^1.3.4
has-flag:
 _latest: 5.0.1
 _:
  ^4.0.0: 4.0.0
 4.0.0:
  $: sha512-EykJT/Q1KjTWctppgIAgfSO0tKVuZUjhgMr17kqTumMl6Afv3EISleU7qZUzoXDFTAHTDC4NOoG/ZxU3EvlMPQ==
  _: 'https://registry.npmjs.org/has-flag/-/has-flag-4.0.0.tgz'
hasown:
 _latest: 2.0.2
 _:
  ^2.0.2: 2.0.2
 2.0.2:
  $: sha512-0hJU9SCPvmMzIBdZFqNPXWa6dqh7WdH0cII9y+CyS8rG3nL48Bclra9HmKhVVUHyPWNH5Y7xDwAB7bfgSjkUMQ==
  _: 'https://registry.npmjs.org/hasown/-/hasown-2.0.2.tgz'
  dependencies:
   function-bind: ^1.1.2
hosted-git-info:
 _latest: 9.0.2
 _:
  ^2.1.4: 2.8.9
 2.8.9:
  $: sha512-mxIDAb9Lsm6DoOJ7xH+5+X4y1LU/4Hi50L9C5sIswK3JzULS4bwk1FvjdBgvYR4bzT4tuUQiC15FE2f5HbLvYw==
  _: 'https://registry.npmjs.org/hosted-git-info/-/hosted-git-info-2.8.9.tgz'
import-fresh:
 _latest: 3.3.1
 _:
  3.3.0: 3.3.0
 3.3.0:
  $: sha512-veYYhQa+D1QBKznvhUHxb8faxlrwUnxseDAbAp457E0wLNio2bOSKnjYDhMj+YiAq61xrMGhQk9iXVk5FzgQMw==
  _: 'https://registry.npmjs.org/import-fresh/-/import-fresh-3.3.0.tgz'
  dependencies:
   parent-module: ^1.0.0
   resolve-from: ^4.0.0
ini:
 _latest: 6.0.0
 _:
  ^1.3.4: 1.3.8
 1.3.8:
  $: sha512-JV/yugV2uzW5iMRSiZAyDtQd+nxtUnjeLt0acNdw98kKLrvuRVyB80tsREOE7yvGVgalhZ6RNXCmEHkUKBKxew==
  _: 'https://registry.npmjs.org/ini/-/ini-1.3.8.tgz'
insync:
 _latest: 2.1.1
 _:
  ^2.1.1: 2.1.1
 2.1.1:
  $: sha512-UzUhOZFpCMM22Xlig9iUPqalf8n7c4eYScamce1C+jN3ad8FtmVm42ryMwVq0hAxHbwUhWFhPvTFQQpFdDUKkw==
  _: 'https://registry.npmjs.org/insync/-/insync-2.1.1.tgz'
is-arrayish:
 _latest: 0.3.4
 _:
  ^0.2.1: 0.2.1
 0.2.1:
  $: sha512-zz06S8t0ozoDXMG+ube26zeCTNXcKIPJZJi8hBrF4idCLms4CG9QtK7qBl1boi5ODzFpjswb5JPmHCbMpjaYzg==
  _: 'https://registry.npmjs.org/is-arrayish/-/is-arrayish-0.2.1.tgz'
is-core-module:
 _latest: 2.16.1
 _:
  ^2.16.1: 2.16.1
 2.16.1:
  $: sha512-UfoeMA6fIJ8wTYFEUjelnaGI67v6+N7qXJEvQuIGa99l4xsCruSYOVSQ0uPANn4dAzm8lkYPaKLrrijLq7x23w==
  _: 'https://registry.npmjs.org/is-core-module/-/is-core-module-2.16.1.tgz'
  dependencies:
   hasown: ^2.0.2
is-fullwidth-code-point:
 _latest: 5.1.0
 _:
  ^3.0.0: 3.0.0
 3.0.0:
  $: sha512-zymm5+u+sCsSWyD9qNaejV3DFvhCKclKdizYaJUuHA83RLjb7nSuGnddCHGv0hk+KY7BMAlsWeK4Ueg6EV6XQg==
  _: 'https://registry.npmjs.org/is-fullwidth-code-point/-/is-fullwidth-code-point-3.0.0.tgz'
isexe:
 _latest: 3.1.1
 _:
  ^2.0.0: 2.0.0
 2.0.0:
  $: sha512-RHxMLp9lnKHGHRng9QFhRCMbYAcVpn69smSGcq3f36xjgVVWThj4qqLbTLlq7Ssj8B+fIQ1EuCEGI2lKsyQeIw==
  _: 'https://registry.npmjs.org/isexe/-/isexe-2.0.0.tgz'
jackspeak:
 _latest: 4.1.1
 _:
  ^3.1.2: 3.4.3
 3.4.3:
  $: sha512-OGlZQpz2yfahA/Rd1Y8Cd9SIEsqvXkLVoSw/cgwhnhFMDbsQFeZYoJJ7bIZBS9BcamUW96asq/npPWugM+RQBw==
  _: 'https://registry.npmjs.org/jackspeak/-/jackspeak-3.4.3.tgz'
  dependencies:
   '@isaacs/cliui': ^8.0.2
  optionalDependencies:
   '@pkgjs/parseargs': ^0.11.0
jaro-winkler:
 _latest: 0.2.8
 _:
  ^0.2.8: 0.2.8
 0.2.8:
  $: sha512-yr+mElb6dWxA1mzFu0+26njV5DWAQRNTi5pB6fFMm79zHrfAs3d0qjhe/IpZI4AHIUJkzvu5QXQRWOw2O0GQyw==
  _: 'https://registry.npmjs.org/jaro-winkler/-/jaro-winkler-0.2.8.tgz'
js-tokens:
 _latest: 9.0.1
 _:
  ^4.0.0: 4.0.0
 4.0.0:
  $: sha512-RdJUflcE3cUzKiMqQgsCu06FPu9UdIJO0beYbPhHN4k6apgJtifcoCtT9bcxOpYBtpD2kCM6Sbzg4CausW/PKQ==
  _: 'https://registry.npmjs.org/js-tokens/-/js-tokens-4.0.0.tgz'
json-parse-even-better-errors:
 _latest: 5.0.0
 _:
  ^2.3.0: 2.3.1
 2.3.1:
  $: sha512-xyFwyhro/JEof6Ghe2iz2NcXoj2sloNsWr/XsERDK/oiPCfaNhl5ONfp+jQdAZRQQ0IJWNzH9zIZF7li91kh2w==
  _: 'https://registry.npmjs.org/json-parse-even-better-errors/-/json-parse-even-better-errors-2.3.1.tgz'
lines-and-columns:
 _latest: 2.0.4
 _:
  ^1.1.6: 1.2.4
 1.2.4:
  $: sha512-7ylylesZQ/PV29jhEDl3Ufjo6ZX7gCqJr5F7PKrqc93v7fzSymt1BpwEU8nAUXs8qzzvqhbjhK5QZg6Mt/HkBg==
  _: 'https://registry.npmjs.org/lines-and-columns/-/lines-and-columns-1.2.4.tgz'
locate-path:
 _latest: 8.0.0
 _:
  ^5.0.0: 5.0.0
 5.0.0:
  $: sha512-t7hw9pI+WvuwNJXwk5zVHpyhIqzg2qTlklJOf0mVxGSbe3Fp2VieZcduNYjaLDoy6p9uGpQEGWG87WpMKlNq8g==
  _: 'https://registry.npmjs.org/locate-path/-/locate-path-5.0.0.tgz'
  dependencies:
   p-locate: ^4.1.0
lodash.foreach:
 _latest: 4.5.0
 _:
  ^4.5.0: 4.5.0
 4.5.0:
  $: sha512-aEXTF4d+m05rVOAUG3z4vZZ4xVexLKZGF0lIxuHZ1Hplpk/3B6Z1+/ICICYRLm7c41Z2xiejbkCkJoTlypoXhQ==
  _: 'https://registry.npmjs.org/lodash.foreach/-/lodash.foreach-4.5.0.tgz'
lru-cache:
 _latest: 11.2.2
 _:
  ^10.2.0: 10.4.3
 10.4.3:
  $: sha512-JNAzZcXrCt42VGLuYz0zfAzDfAvJWW6AfYlDBQyDV5DClI2m5sAmK+OIO7s59XfsRsWHp02jAJrRadPRGTt6SQ==
  _: 'https://registry.npmjs.org/lru-cache/-/lru-cache-10.4.3.tgz'
minimatch:
 _latest: 10.1.1
 _:
  ^9.0.4: 9.0.5
 9.0.5:
  $: sha512-G6T0ZX48xgozx7587koeX9Ys2NYy6Gmv//P89sEte9V9whIapMNF4idKxnW2QtCcLiTWlb/wfCabAtAFWhhBow==
  _: 'https://registry.npmjs.org/minimatch/-/minimatch-9.0.5.tgz'
  dependencies:
   brace-expansion: ^2.0.1
minipass:
 _latest: 7.1.2
 _:
  '^5.0.0 || ^6.0.2 || ^7.0.0,^7.1.2': 7.1.2
 7.1.2:
  $: sha512-qOOzS1cBTWYF4BH8fVePDBOO9iptMnGUEZwNc/cMWnTV2nVLZ7VoNWEPHkYczZA0pdoA7dl6e7FL659nX9S2aw==
  _: 'https://registry.npmjs.org/minipass/-/minipass-7.1.2.tgz'
nix-clap:
 _latest: 1.3.13
 _:
  ^2.4.0: 2.4.1
 2.4.1:
  $: sha512-mpZlm1o4epfkdhyydrv582nIcq1YErOH7qwmVQ8EXsNOnKrtCHXaGjLr6BPMqcfZDHAI7aIrNPmgCaf3F6oeiw==
  _: 'https://registry.npmjs.org/nix-clap/-/nix-clap-2.4.1.tgz'
  dependencies:
   tslib: ^2.6.2
normalize-package-data:
 _latest: 8.0.0
 _:
  ^2.5.0: 2.5.0
 2.5.0:
  $: sha512-/5CMN3T0R4XTj4DcGaexo+roZSdSFW/0AOOTROrjxzCG1wrWXEsGbRKevjlIL+ZDE4sZlJr5ED4YW0yqmkK+eA==
  _: 'https://registry.npmjs.org/normalize-package-data/-/normalize-package-data-2.5.0.tgz'
  dependencies:
   hosted-git-info: ^2.1.4
   resolve: ^1.10.0
   semver: '2 || 3 || 4 || 5'
   validate-npm-package-license: ^3.0.1
optional-require:
 _latest: 2.1.0
 _:
  ^2.1.0: 2.1.0
 2.1.0:
  $: sha512-/EtH66iO8+ylrwwxQmY4Pg5BtXY/ETXlZ6K4WA4ZgnoG+pZzPB5F2fCpdYigZCpXngAtSlXYBFu1A6S5uWHjMQ==
  _: 'https://registry.npmjs.org/optional-require/-/optional-require-2.1.0.tgz'
  dependencies:
   require-at: ^1.0.6
p-limit:
 _latest: 7.2.0
 _:
  ^2.2.0: 2.3.0
 2.3.0:
  $: sha512-//88mFWSJx8lxCzwdAABTJL2MyWB12+eIY7MDL2SqLmAkeKU9qxRvWuSyTjm3FUmpBEMuFfckAIqEaVGUDxb6w==
  _: 'https://registry.npmjs.org/p-limit/-/p-limit-2.3.0.tgz'
  dependencies:
   p-try: ^2.0.0
p-locate:
 _latest: 6.0.0
 _:
  ^4.1.0: 4.1.0
 4.1.0:
  $: sha512-R79ZZ/0wAxKGu3oYMlz8jy/kbhsNrS7SKZ7PxEHBgJ5+F2mtFW2fK2cOtBh1cHYkQsbzFV7I+EoRKe6Yt0oK7A==
  _: 'https://registry.npmjs.org/p-locate/-/p-locate-4.1.0.tgz'
  dependencies:
   p-limit: ^2.2.0
p-try:
 _latest: 3.0.0
 _:
  ^2.0.0: 2.2.0
 2.2.0:
  $: sha512-R4nPAVTAU0B9D35/Gk3uJf/7XYbQcyohSKdvAxIRSNghFl4e71hVoGnBNQz9cWaXxO2I10KTC+3jMdvvoKw6dQ==
  _: 'https://registry.npmjs.org/p-try/-/p-try-2.2.0.tgz'
package-json-from-dist:
 _latest: 1.0.1
 _:
  ^1.0.0: 1.0.1
 1.0.1:
  $: sha512-UEZIS3/by4OC8vL3P2dTXRETpebLI2NiI5vIrjaD/5UtrkFX/tNbwjTSRAGC/+7CAo2pIcBaRgWmcBBHcsaCIw==
  _: 'https://registry.npmjs.org/package-json-from-dist/-/package-json-from-dist-1.0.1.tgz'
parent-module:
 _latest: 3.2.0
 _:
  ^1.0.0: 1.0.1
 1.0.1:
  $: sha512-GQ2EWRpQV8/o+Aw8YqtfZZPfNRWZYkbidE9k5rpl/hC3vtHHBfGm2Ifi6qWV+coDGkrUKZAxE3Lot5kcsRlh+g==
  _: 'https://registry.npmjs.org/parent-module/-/parent-module-1.0.1.tgz'
  dependencies:
   callsites: ^3.0.0
parse-json:
 _latest: 8.3.0
 _:
  ^5.0.0: 5.2.0
 5.2.0:
  $: sha512-ayCKvm/phCGxOkYRSCM82iDwct8/EonSEgCSxWxD7ve6jHggsFl4fZVQBPRNgQoKiuV/odhFrGzQXZwbifC8Rg==
  _: 'https://registry.npmjs.org/parse-json/-/parse-json-5.2.0.tgz'
  dependencies:
   '@babel/code-frame': ^7.0.0
   error-ex: ^1.3.1
   json-parse-even-better-errors: ^2.3.0
   lines-and-columns: ^1.1.6
path-exists:
 _latest: 5.0.0
 _:
  ^4.0.0: 4.0.0
 4.0.0:
  $: sha512-ak9Qy5Q7jYb2Wwcey5Fpvg2KoAc/ZIhLSLOSBmRmygPsGwkVVt0fZa0qrtMz+m6tJTAHfZQ8FnmB4MG4LWy7/w==
  _: 'https://registry.npmjs.org/path-exists/-/path-exists-4.0.0.tgz'
path-is-inside:
 _latest: 1.0.2
 _:
  ^1.0.2: 1.0.2
 1.0.2:
  $: sha512-DUWJr3+ULp4zXmol/SZkFf3JGsS9/SIv+Y3Rt93/UjPpDpklB5f1er4O3POIbUuUJ3FXgqte2Q7SrU6zAqwk8w==
  _: 'https://registry.npmjs.org/path-is-inside/-/path-is-inside-1.0.2.tgz'
path-key:
 _latest: 4.0.0
 _:
  ^3.1.0: 3.1.1
 3.1.1:
  $: sha512-ojmeN0qd+y0jszEtoY48r0Peq5dwMEkIlCOu6Q5f41lfkswXuKtYrhgoTpLnyIcHm24Uhqx+5Tqm2InSwLhE6Q==
  _: 'https://registry.npmjs.org/path-key/-/path-key-3.1.1.tgz'
path-parse:
 _latest: 1.0.7
 _:
  ^1.0.7: 1.0.7
 1.0.7:
  $: sha512-LDJzPVEEEPR+y48z93A0Ed0yXb8pAByGWo/k5YYdYgpY2/2EsOsksJrq7lOHxryrVOn1ejG6oAp8ahvOIQD8sw==
  _: 'https://registry.npmjs.org/path-parse/-/path-parse-1.0.7.tgz'
path-scurry:
 _latest: 2.0.0
 _:
  ^1.11.1: 1.11.1
 1.11.1:
  $: sha512-Xa4Nw17FS9ApQFJ9umLiJS4orGjm7ZzwUrwamcGQuHSzDyth9boKDaycYdDcZDuqYATXw4HFXgaqWTctW/v1HA==
  _: 'https://registry.npmjs.org/path-scurry/-/path-scurry-1.11.1.tgz'
  dependencies:
   lru-cache: ^10.2.0
   minipass: '^5.0.0 || ^6.0.2 || ^7.0.0'
picocolors:
 _latest: 1.1.1
 _:
  ^1.1.1: 1.1.1
 1.1.1:
  $: sha512-xceH2snhtb5M9liqDsmEw56le376mTZkEX/jEb/RxNFyegNul7eNslCXP9FDj/Lcu0X8KEyMceP2ntpaHrDEVA==
  _: 'https://registry.npmjs.org/picocolors/-/picocolors-1.1.1.tgz'
prettier:
 _latest: 3.6.2
 _:
  2.4.1: 2.4.1
 2.4.1:
  $: sha512-9fbDAXSBcc6Bs1mZrDYb3XKzDLm4EXXL9sC1LqKP5rZkT6KRr/rf9amVUcODVXgguK/isJz0d0hP72WeaKWsvA==
  _: 'https://registry.npmjs.org/prettier/-/prettier-2.4.1.tgz'
read-pkg:
 _latest: 9.0.1
 _:
  ^5.2.0: 5.2.0
 5.2.0:
  $: sha512-Ug69mNOpfvKDAc2Q8DRpMjjzdtrnv9HcSMX+4VsZxD1aZ6ZzrIE7rlzXBtWTyhULSMKg076AW6WR5iZpD0JiOg==
  _: 'https://registry.npmjs.org/read-pkg/-/read-pkg-5.2.0.tgz'
  dependencies:
   '@types/normalize-package-data': ^2.4.0
   normalize-package-data: ^2.5.0
   parse-json: ^5.0.0
   type-fest: ^0.6.0
read-pkg-up:
 _latest: 11.0.0
 _:
  ^7.0.1: 7.0.1
 7.0.1:
  $: sha512-zK0TB7Xd6JpCLmlLmufqykGE+/TlOePD6qKClNW7hHDKFh/J7/7gCWGR7joEQEW1bKq3a3yUZSObOoWLFQ4ohg==
  _: 'https://registry.npmjs.org/read-pkg-up/-/read-pkg-up-7.0.1.tgz'
  dependencies:
   find-up: ^4.1.0
   read-pkg: ^5.2.0
   type-fest: ^0.8.1
require-at:
 _latest: 1.0.6
 _:
  ^1.0.6: 1.0.6
 1.0.6:
  $: sha512-7i1auJbMUrXEAZCOQ0VNJgmcT2VOKPRl2YGJwgpHpC9CE91Mv4/4UYIUm4chGJaI381ZDq1JUicFii64Hapd8g==
  _: 'https://registry.npmjs.org/require-at/-/require-at-1.0.6.tgz'
resolve:
 _latest: 1.22.11
 _:
  ^1.10.0: 1.22.11
 1.22.11:
  $: sha512-RfqAvLnMl313r7c9oclB1HhUEAezcpLjz95wFH4LVuhk9JF/r22qmVP9AMmOU4vMX7Q8pN8jwNg/CSpdFnMjTQ==
  _: 'https://registry.npmjs.org/resolve/-/resolve-1.22.11.tgz'
  dependencies:
   is-core-module: ^2.16.1
   path-parse: ^1.0.7
   supports-preserve-symlinks-flag: ^1.0.0
resolve-from:
 _latest: 5.0.0
 _:
  ^4.0.0: 4.0.0
 4.0.0:
  $: sha512-pb/MYmXstAkysRFx8piNI1tGFNQIFA3vkE3Gq4EuA1dF6gHp/+vgZqsCGJapvy8N3Q+4o7FwvquPJcnZ7RYy4g==
  _: 'https://registry.npmjs.org/resolve-from/-/resolve-from-4.0.0.tgz'
resolve-global:
 _latest: 2.0.0
 _:
  1.0.0: 1.0.0
 1.0.0:
  $: sha512-zFa12V4OLtT5XUX/Q4VLvTfBf+Ok0SPc1FNGM/z9ctUdiU618qwKpWnd0CHs3+RqROfyEg/DhuHbMWYqcgljEw==
  _: 'https://registry.npmjs.org/resolve-global/-/resolve-global-1.0.0.tgz'
  dependencies:
   global-dirs: ^0.1.1
semver:
 _latest: 7.7.3
 _:
  '2 || 3 || 4 || 5': 5.7.2
 5.7.2:
  $: sha512-cBznnQ9KjJqU67B52RMC65CMarK2600WFnbkcaiwWq3xy/5haFJlshgnpjovMVJ+Hff49d8GEn0b87C5pDQ10g==
  _: 'https://registry.npmjs.org/semver/-/semver-5.7.2.tgz'
shcmd:
 _latest: 0.8.5
 _:
  ^0.8.4: 0.8.5
 0.8.5:
  $: sha512-OTYPdp9KrGA/1FSPF1pubRPPlHF/ictGHDb/4/EFg40DFYMnexmvKcAPi5JQG/1Eek/WgCaBGZK2DS+pHGuz+g==
  _: 'https://registry.npmjs.org/shcmd/-/shcmd-0.8.5.tgz'
  dependencies:
   glob: ^10.4.2
shebang-command:
 _latest: 2.0.0
 _:
  ^2.0.0: 2.0.0
 2.0.0:
  $: sha512-kHxr2zZpYtdmrN1qDjrrX/Z1rR1kG8Dx+gkpK1G4eXmvXswmcE1hTWBWYUzlraYw1/yZp6YuDY77YtvbN0dmDA==
  _: 'https://registry.npmjs.org/shebang-command/-/shebang-command-2.0.0.tgz'
  dependencies:
   shebang-regex: ^3.0.0
shebang-regex:
 _latest: 4.0.0
 _:
  ^3.0.0: 3.0.0
 3.0.0:
  $: sha512-7++dFhtcx3353uBaq8DDR4NuxBetBzC7ZQOhmTQInHEd6bSrXdiEyzCvG07Z44UYdLShWUyXt5M/yhz8ekcb1A==
  _: 'https://registry.npmjs.org/shebang-regex/-/shebang-regex-3.0.0.tgz'
signal-exit:
 _latest: 4.1.0
 _:
  ^4.0.1: 4.1.0
 4.1.0:
  $: sha512-bzyZ1e88w9O1iNJbKnOlvYTrWPDl46O1bG0D3XInv+9tkPrxrN8jUUTiFlDkkmKWgn1M6CfIA13SuGqOa9Korw==
  _: 'https://registry.npmjs.org/signal-exit/-/signal-exit-4.1.0.tgz'
spdx-correct:
 _latest: 3.2.0
 _:
  ^3.0.0: 3.2.0
 3.2.0:
  $: sha512-kN9dJbvnySHULIluDHy32WHRUu3Og7B9sbY7tsFLctQkIqnMh3hErYgdMjTYuqmcXX+lK5T1lnUt3G7zNswmZA==
  _: 'https://registry.npmjs.org/spdx-correct/-/spdx-correct-3.2.0.tgz'
  dependencies:
   spdx-expression-parse: ^3.0.0
   spdx-license-ids: ^3.0.0
spdx-exceptions:
 _latest: 2.5.0
 _:
  ^2.1.0: 2.5.0
 2.5.0:
  $: sha512-PiU42r+xO4UbUS1buo3LPJkjlO7430Xn5SVAhdpzzsPHsjbYVflnnFdATgabnLude+Cqu25p6N+g2lw/PFsa4w==
  _: 'https://registry.npmjs.org/spdx-exceptions/-/spdx-exceptions-2.5.0.tgz'
spdx-expression-parse:
 _latest: 4.0.0
 _:
  ^3.0.0: 3.0.1
 3.0.1:
  $: sha512-cbqHunsQWnJNE6KhVSMsMeH5H/L9EpymbzqTQ3uLwNCLZ1Q481oWaofqH7nO6V07xlXwY6PhQdQ2IedWx/ZK4Q==
  _: 'https://registry.npmjs.org/spdx-expression-parse/-/spdx-expression-parse-3.0.1.tgz'
  dependencies:
   spdx-exceptions: ^2.1.0
   spdx-license-ids: ^3.0.0
spdx-license-ids:
 _latest: 3.0.22
 _:
  ^3.0.0: 3.0.22
 3.0.22:
  $: sha512-4PRT4nh1EImPbt2jASOKHX7PB7I+e4IWNLvkKFDxNhJlfjbYlleYQh285Z/3mPTHSAK/AvdMmw5BNNuYH8ShgQ==
  _: 'https://registry.npmjs.org/spdx-license-ids/-/spdx-license-ids-3.0.22.tgz'
string-array:
 _latest: 1.0.1
 _:
  ^1.0.1: 1.0.1
 1.0.1:
  $: sha512-IHgqBWTsXuE27ZL7N9/XBIzWWrSwr9tKJw6qdIOMGIM2sxxJRvJe9vQMPW37MHrxidXlyJD8w61mQ6qLvnjqvg==
  _: 'https://registry.npmjs.org/string-array/-/string-array-1.0.1.tgz'
string-width:
 _latest: 8.1.0
 _:
  ^4.1.0: 4.2.3
  '^5.0.1,^5.1.2': 5.1.2
 5.1.2:
  $: sha512-HnLOCR3vjcY8beoNLtcjZ5/nxn2afmME6lhrDrebokqMap+XbeW8n9TXpPDOqdGK5qcI3oT0GKTW6wC7EMiVqA==
  _: 'https://registry.npmjs.org/string-width/-/string-width-5.1.2.tgz'
  dependencies:
   eastasianwidth: ^0.2.0
   emoji-regex: ^9.2.2
   strip-ansi: ^7.0.1
 4.2.3:
  $: sha512-wKyQRQpjJ0sIp62ErSZdGsjMJWsap5oRNihHhu6G7JVO/9jIB6UyevL+tXuOqrng8j/cxKTWyWUwvSTriiZz/g==
  _: 'https://registry.npmjs.org/string-width/-/string-width-4.2.3.tgz'
  dependencies:
   emoji-regex: ^8.0.0
   is-fullwidth-code-point: ^3.0.0
   strip-ansi: ^6.0.1
string-width-cjs:
 _:
  'npm:string-width@^4.2.0': 4.2.3
 4.2.3:
  $: 0
  _: null
  dependencies:
   emoji-regex: ^8.0.0
   is-fullwidth-code-point: ^3.0.0
   strip-ansi: ^6.0.1
strip-ansi:
 _latest: 7.1.2
 _:
  '^6.0.0,^6.0.1': 6.0.1
  ^7.0.1: 7.1.2
 7.1.2:
  $: sha512-gmBGslpoQJtgnMAvOVqGZpEz9dyoKTCzy2nfz/n8aIFhN/jCE/rCmcxabB6jOOHV+0WNnylOxaxBQPSvcWklhA==
  _: 'https://registry.npmjs.org/strip-ansi/-/strip-ansi-7.1.2.tgz'
  dependencies:
   ansi-regex: ^6.0.1
 6.0.1:
  $: sha512-Y38VPSHcqkFrCpFnQ9vuSXmquuv5oXOKpGeT6aGrr3o3Gc9AlVa6JBfUSOCnbxGGZF+/0ooI7KrPuUSztUdU5A==
  _: 'https://registry.npmjs.org/strip-ansi/-/strip-ansi-6.0.1.tgz'
  dependencies:
   ansi-regex: ^5.0.1
strip-ansi-cjs:
 _:
  'npm:strip-ansi@^6.0.1': 6.0.1
 6.0.1:
  $: 0
  _: null
  dependencies:
   ansi-regex: ^5.0.1
supports-color:
 _latest: 10.2.2
 _:
  ^7.1.0: 7.2.0
 7.2.0:
  $: sha512-qpCAvRl9stuOHveKsn7HncJRvv501qIacKzQlO/+Lwxc9+0q2wLyv4Dfvt80/DPn2pqOBsJdDiogXGR9+OvwRw==
  _: 'https://registry.npmjs.org/supports-color/-/supports-color-7.2.0.tgz'
  dependencies:
   has-flag: ^4.0.0
supports-preserve-symlinks-flag:
 _latest: 1.0.0
 _:
  ^1.0.0: 1.0.0
 1.0.0:
  $: sha512-ot0WnXS9fgdkgIcePe6RHNk1WA8+muPa6cSjeR3V8K27q9BB1rTE3R1p7Hv0z1ZyAc8s6Vvv8DIyWf681MAt0w==
  _: 'https://registry.npmjs.org/supports-preserve-symlinks-flag/-/supports-preserve-symlinks-flag-1.0.0.tgz'
tslib:
 _latest: 2.8.1
 _:
  ^2.6.2: 2.8.1
 2.8.1:
  $: sha512-oJFu94HQb+KVduSUQL7wnpmqnfmLsOA/nAh6b6EH0wCEoK0/mPeXU6c3wKDV83MkOuHPRHtSXKKU99IBazS/2w==
  _: 'https://registry.npmjs.org/tslib/-/tslib-2.8.1.tgz'
type-fest:
 _latest: 5.1.0
 _:
  ^0.6.0: 0.6.0
  ^0.8.1: 0.8.1
 0.8.1:
  $: sha512-4dbzIzqvjtgiM5rw1k5rEHtBANKmdudhGyBEajN01fEyhaAIhsoKNy6y7+IN93IfpFtwY9iqi7kD+xwKhQsNJA==
  _: 'https://registry.npmjs.org/type-fest/-/type-fest-0.8.1.tgz'
 0.6.0:
  $: sha512-q+MB8nYR1KDLrgr4G5yemftpMC7/QLqVndBmEEdqzmNj5dcFOO4Oo8qlwZE3ULT3+Zim1F8Kq4cBnikNhlCMlg==
  _: 'https://registry.npmjs.org/type-fest/-/type-fest-0.6.0.tgz'
unwrap-npm-cmd:
 _latest: 1.1.2
 _:
  ^1.1.2: 1.1.2
 1.1.2:
  $: sha512-tF85hmJ9080rr2abAxqDs/svbfSW/TPmiUSBwH6MjsXUnT7fS6vK3bNVki/6ayQqHdJdgsZ7p2cZBipXiNM+Eg==
  _: 'https://registry.npmjs.org/unwrap-npm-cmd/-/unwrap-npm-cmd-1.1.2.tgz'
  dependencies:
   which: ^1.3.1
validate-npm-package-license:
 _latest: 3.0.4
 _:
  ^3.0.1: 3.0.4
 3.0.4:
  $: sha512-DpKm2Ui/xN7/HQKCtpZxoRWBhZ9Z0kqtygG8XCgNQ8ZlDnxuQmWhj566j8fN4Cu3/JmbhsDo7fcAJq4s9h27Ew==
  _: 'https://registry.npmjs.org/validate-npm-package-license/-/validate-npm-package-license-3.0.4.tgz'
  dependencies:
   spdx-correct: ^3.0.0
   spdx-expression-parse: ^3.0.0
which:
 _latest: 5.0.0
 _:
  ^1.3.1: 1.3.1
  ^2.0.1: 2.0.2
 2.0.2:
  $: sha512-BLI3Tl1TW3Pvl70l3yq3Y64i+awpwXqsGBYWkkqMtnbXgrMD+yj7rhW0kuEDxzJaYXGjEW5ogapKNMEKNMjibA==
  _: 'https://registry.npmjs.org/which/-/which-2.0.2.tgz'
  dependencies:
   isexe: ^2.0.0
 1.3.1:
  $: sha512-HxJdYWq1MTIQbJ3nw0cqssHoTNU267KlrDuGZ1WYlxDStUtKUhOaJmh112/TZmHxxUfuJqPXSOm7tDyas0OSIQ==
  _: 'https://registry.npmjs.org/which/-/which-1.3.1.tgz'
  dependencies:
   isexe: ^2.0.0
wrap-ansi:
 _latest: 9.0.2
 _:
  ^8.1.0: 8.1.0
 8.1.0:
  $: sha512-si7QWI6zUMq56bESFvagtmzMdGOtoxfR+Sez11Mobfc7tm+VkUckk9bW2UeffTGVUbOksxmSw0AA2gs8g71NCQ==
  _: 'https://registry.npmjs.org/wrap-ansi/-/wrap-ansi-8.1.0.tgz'
  dependencies:
   ansi-styles: ^6.1.0
   string-width: ^5.0.1
   strip-ansi: ^7.0.1
wrap-ansi-cjs:
 _:
  'npm:wrap-ansi@^7.0.0': 7.0.0
 7.0.0:
  $: 0
  _: null
  dependencies:
   ansi-styles: ^4.0.0
   string-width: ^4.1.0
   strip-ansi: ^6.0.0
xsh:
 _latest: 0.4.5
 _:
  ^0.4.5: 0.4.5
 0.4.5:
  $: sha512-Tkmj2v1+Uik0zaTU/0+Qwbv8b/NEnPwHgSfnhPIjlSoIb2dRW8HlJMrJb4x232LoITzZATKr7fhdMR4renzhzg==
  _: 'https://registry.npmjs.org/xsh/-/xsh-0.4.5.tgz'
  dependencies:
   shcmd: ^0.8.4
